
Microsoft Visual Studio Solution File, Format Version 12.00
# Visual Studio Version 16
VisualStudioVersion = 16.0.31321.278
MinimumVisualStudioVersion = 10.0.40219.1
Project("{2150E333-8FDC-42A3-9474-1A3956D46DE8}") = "Services", "Services", "{3C471780-45C4-48AC-832C-E840293D3F43}"
EndProject
Project("{2150E333-8FDC-42A3-9474-1A3956D46DE8}") = "Catalog", "Catalog", "{CED1222F-D6FE-4CFC-BEB0-9022036F254C}"
EndProject
Project("{FAE04EC0-301F-11D3-BF4B-00C04F79EFBC}") = "Catalog.API", "Services\Catalog\Catalog.API\Catalog.API.csproj", "{11FAC3EC-73F5-4084-85D9-4E2B93357B5B}"
EndProject
Global
	GlobalSection(SolutionConfigurationPlatforms) = preSolution
		Debug|Any CPU = Debug|Any CPU
		Release|Any CPU = Release|Any CPU
	EndGlobalSection
	GlobalSection(ProjectConfigurationPlatforms) = postSolution
		{11FAC3EC-73F5-4084-85D9-4E2B93357B5B}.Debug|Any CPU.ActiveCfg = Debug|Any CPU
		{11FAC3EC-73F5-4084-85D9-4E2B93357B5B}.Debug|Any CPU.Build.0 = Debug|Any CPU
		{11FAC3EC-73F5-4084-85D9-4E2B93357B5B}.Release|Any CPU.ActiveCfg = Release|Any CPU
		{11FAC3EC-73F5-4084-85D9-4E2B93357B5B}.Release|Any CPU.Build.0 = Release|Any CPU
	EndGlobalSection
	GlobalSection(SolutionProperties) = preSolution
		HideSolutionNode = FALSE
	EndGlobalSection
	GlobalSection(NestedProjects) = preSolution
		{CED1222F-D6FE-4CFC-BEB0-9022036F254C} = {3C471780-45C4-48AC-832C-E840293D3F43}
		{11FAC3EC-73F5-4084-85D9-4E2B93357B5B} = {CED1222F-D6FE-4CFC-BEB0-9022036F254C}
	EndGlobalSection
	GlobalSection(ExtensibilityGlobals) = postSolution
		SolutionGuid = {CCE53ED7-FCF6-48EB-A784-97CAFB97792B}
	EndGlobalSection
EndGlobal
